// !$*UTF8*$!
{
	archiveVersion = 1;
	classes = {
	};
	objectVersion = 46;
	objects = {

/* Begin PBXBuildFile section */
		4CD10FD81CCE99A0008545FD /* structure.cpp in Sources */ = {isa = PBXBuildFile; fileRef = 4CD10FD71CCE99A0008545FD /* structure.cpp */; };
		4CD10FDF1CCE9A61008545FD /* compiler.c in Sources */ = {isa = PBXBuildFile; fileRef = 4CD10FDE1CCE9A61008545FD /* compiler.c */; };
/* End PBXBuildFile section */

/* Begin PBXCopyFilesBuildPhase section */
		4CD10FD21CCE99A0008545FD /* CopyFiles */ = {
			isa = PBXCopyFilesBuildPhase;
			buildActionMask = 2147483647;
			dstPath = /usr/share/man/man1/;
			dstSubfolderSpec = 0;
			files = (
			);
			runOnlyForDeploymentPostprocessing = 1;
		};
/* End PBXCopyFilesBuildPhase section */

/* Begin PBXFileReference section */
		4CD10FD41CCE99A0008545FD /* Project5 */ = {isa = PBXFileReference; explicitFileType = "compiled.mach-o.executable"; includeInIndex = 0; path = Project5; sourceTree = BUILT_PRODUCTS_DIR; };
		4CD10FD71CCE99A0008545FD /* structure.cpp */ = {isa = PBXFileReference; lastKnownFileType = sourcecode.cpp.cpp; path = structure.cpp; sourceTree = "<group>"; };
		4CD10FDE1CCE9A61008545FD /* compiler.c */ = {isa = PBXFileReference; fileEncoding = 4; lastKnownFileType = sourcecode.c.c; path = compiler.c; sourceTree = "<group>"; };
		4CD10FE01CCE9A72008545FD /* compiler.h */ = {isa = PBXFileReference; lastKnownFileType = sourcecode.c.h; path = compiler.h; sourceTree = "<group>"; };
/* End PBXFileReference section */

/* Begin PBXFrameworksBuildPhase section */
		4CD10FD11CCE99A0008545FD /* Frameworks */ = {
			isa = PBXFrameworksBuildPhase;
			buildActionMask = 2147483647;
			files = (
			);
			runOnlyForDeploymentPostprocessing = 0;
		};
/* End PBXFrameworksBuildPhase section */

/* Begin PBXGroup section */
		4CD10FCB1CCE99A0008545FD = {
			isa = PBXGroup;
			children = (
				4CD10FD61CCE99A0008545FD /* Project5 */,
				4CD10FD51CCE99A0008545FD /* Products */,
			);
			sourceTree = "<group>";
		};
		4CD10FD51CCE99A0008545FD /* Products */ = {
			isa = PBXGroup;
			children = (
				4CD10FD41CCE99A0008545FD /* Project5 */,
			);
			name = Products;
			sourceTree = "<group>";
		};
		4CD10FD61CCE99A0008545FD /* Project5 */ = {
			isa = PBXGroup;
			children = (
				4CD10FD71CCE99A0008545FD /* structure.cpp */,
				4CD10FDE1CCE9A61008545FD /* compiler.c */,
				4CD10FE01CCE9A72008545FD /* compiler.h */,
			);
			path = Project5;
			sourceTree = "<group>";
		};
/* End PBXGroup section */

/* Begin PBXNativeTarget section */
		4CD10FD31CCE99A0008545FD /* Project5 */ = {
			isa = PBXNativeTarget;
			buildConfigurationList = 4CD10FDB1CCE99A0008545FD /* Build configuration list for PBXNativeTarget "Project5" */;
			buildPhases = (
				4CD10FD01CCE99A0008545FD /* Sources */,
				4CD10FD11CCE99A0008545FD /* Frameworks */,
				4CD10FD21CCE99A0008545FD /* CopyFiles */,
			);
			buildRules = (
			);
			dependencies = (
			);
			name = Project5;
			productName = Project5;
			productReference = 4CD10FD41CCE99A0008545FD /* Project5 */;
			productType = "com.apple.product-type.tool";
		};
/* End PBXNativeTarget section */

/* Begin PBXProject section */
		4CD10FCC1CCE99A0008545FD /* Project object */ = {
			isa = PBXProject;
			attributes = {
				LastUpgradeCheck = 0730;
				ORGANIZATIONNAME = "Frank Palmisano";
				TargetAttributes = {
					4CD10FD31CCE99A0008545FD = {
						CreatedOnToolsVersion = 7.3;
					};
				};
			};
			buildConfigurationList = 4CD10FCF1CCE99A0008545FD /* Build configuration list for PBXProject "Project5" */;
			compatibilityVersion = "Xcode 3.2";
			developmentRegion = English;
			hasScannedForEncodings = 0;
			knownRegions = (
				en,
			);
			mainGroup = 4CD10FCB1CCE99A0008545FD;
			productRefGroup = 4CD10FD51CCE99A0008545FD /* Products */;
			projectDirPath = "";
			projectRoot = "";
			targets = (
				4CD10FD31CCE99A0008545FD /* Project5 */,
			);
		};
/* End PBXProject section */

/* Begin PBXSourcesBuildPhase section */
		4CD10FD01CCE99A0008545FD /* Sources */ = {
			isa = PBXSourcesBuildPhase;
			buildActionMask = 2147483647;
			files = (
				4CD10FDF1CCE9A61008545FD /* compiler.c in Sources */,
				4CD10FD81CCE99A0008545FD /* structure.cpp in Sources */,
			);
			runOnlyForDeploymentPostprocessing = 0;
		};
/* End PBXSourcesBuildPhase section */

/* Begin XCBuildConfiguration section */
		4CD10FD91CCE99A0008545FD /* Debug */ = {
			isa = XCBuildConfiguration;
			buildSettings = {
				ALWAYS_SEARCH_USER_PATHS = NO;
				CLANG_ANALYZER_NONNULL = YES;
				CLANG_CXX_LANGUAGE_STANDARD = "gnu++0x";
				CLANG_CXX_LIBRARY = "libc++";
				CLANG_ENABLE_MODULES = YES;
				CLANG_ENABLE_OBJC_ARC = YES;
				CLANG_WARN_BOOL_CONVERSION = YES;
				CLANG_WARN_CONSTANT_CONVERSION = YES;
				CLANG_WARN_DIRECT_OBJC_ISA_USAGE = YES_ERROR;
				CLANG_WARN_EMPTY_BODY = YES;
				CLANG_WARN_ENUM_CONVERSION = YES;
				CLANG_WARN_INT_CONVERSION = YES;
				CLANG_WARN_OBJC_ROOT_CLASS = YES_ERROR;
				CLANG_WARN_UNREACHABLE_CODE = YES;
				CLANG_WARN__DUPLICATE_METHOD_MATCH = YES;
				CODE_SIGN_IDENTITY = "-";
				COPY_PHASE_STRIP = NO;
				DEBUG_INFORMATION_FORMAT = dwarf;
				ENABLE_STRICT_OBJC_MSGSEND = YES;
				ENABLE_TESTABILITY = YES;
				GCC_C_LANGUAGE_STANDARD = gnu99;
				GCC_DYNAMIC_NO_PIC = NO;
				GCC_NO_COMMON_BLOCKS = YES;
				GCC_OPTIMIZATION_LEVEL = 0;
				GCC_PREPROCESSOR_DEFINITIONS = (
					"DEBUG=1",
					"$(inherited)",
				);
				GCC_WARN_64_TO_32_BIT_CONVERSION = YES;
				GCC_WARN_ABOUT_RETURN_TYPE = YES_ERROR;
				GCC_WARN_UNDECLARED_SELECTOR = YES;
				GCC_WARN_UNINITIALIZED_AUTOS = YES_AGGRESSIVE;
				GCC_WARN_UNUSED_FUNCTION = YES;
				GCC_WARN_UNUSED_VARIABLE = YES;
				MACOSX_DEPLOYMENT_TARGET = 10.11;
				MTL_ENABLE_DEBUG_INFO = YES;
				ONLY_ACTIVE_ARCH = YES;
				SDKROOT = macosx;
			};
			name = Debug;
		};
		4CD10FDA1CCE99A0008545FD /* Release */ = {
			isa = XCBuildConfiguration;
			buildSettings = {
				ALWAYS_SEARCH_USER_PATHS = NO;
				CLANG_ANALYZER_NONNULL = YES;
				CLANG_CXX_LANGUAGE_STANDARD = "gnu++0x";
				CLANG_CXX_LIBRARY = "libc++";
				CLANG_ENABLE_MODULES = YES;
				CLANG_ENABLE_OBJC_ARC = YES;
				CLANG_WARN_BOOL_CONVERSION = YES;
				CLANG_WARN_CONSTANT_CONVERSION = YES;
				CLANG_WARN_DIRECT_OBJC_ISA_USAGE = YES_ERROR;
				CLANG_WARN_EMPTY_BODY = YES;
				CLANG_WARN_ENUM_CONVERSION = YES;
				CLANG_WARN_INT_CONVERSION = YES;
				CLANG_WARN_OBJC_ROOT_CLASS = YES_ERROR;
				CLANG_WARN_UNREACHABLE_CODE = YES;
				CLANG_WARN__DUPLICATE_METHOD_MATCH = YES;
				CODE_SIGN_IDENTITY = "-";
				COPY_PHASE_STRIP = NO;
				DEBUG_INFORMATION_FORMAT = "dwarf-with-dsym";
				ENABLE_NS_ASSERTIONS = NO;
				ENABLE_STRICT_OBJC_MSGSEND = YES;
				GCC_C_LANGUAGE_STANDARD = gnu99;
				GCC_NO_COMMON_BLOCKS = YES;
				GCC_WARN_64_TO_32_BIT_CONVERSION = YES;
				GCC_WARN_ABOUT_RETURN_TYPE = YES_ERROR;
				GCC_WARN_UNDECLARED_SELECTOR = YES;
				GCC_WARN_UNINITIALIZED_AUTOS = YES_AGGRESSIVE;
				GCC_WARN_UNUSED_FUNCTION = YES;
				GCC_WARN_UNUSED_VARIABLE = YES;
				MACOSX_DEPLOYMENT_TARGET = 10.11;
				MTL_ENABLE_DEBUG_INFO = NO;
				SDKROOT = macosx;
			};
			name = Release;
		};
		4CD10FDC1CCE99A0008545FD /* Debug */ = {
			isa = XCBuildConfiguration;
			buildSettings = {
				PRODUCT_NAME = "$(TARGET_NAME)";
			};
			name = Debug;
		};
		4CD10FDD1CCE99A0008545FD /* Release */ = {
			isa = XCBuildConfiguration;
			buildSettings = {
				PRODUCT_NAME = "$(TARGET_NAME)";
			};
			name = Release;
		};
/* End XCBuildConfiguration section */

/* Begin XCConfigurationList section */
		4CD10FCF1CCE99A0008545FD /* Build configuration list for PBXProject "Project5" */ = {
			isa = XCConfigurationList;
			buildConfigurations = (
				4CD10FD91CCE99A0008545FD /* Debug */,
				4CD10FDA1CCE99A0008545FD /* Release */,
			);
			defaultConfigurationIsVisible = 0;
			defaultConfigurationName = Release;
		};
		4CD10FDB1CCE99A0008545FD /* Build configuration list for PBXNativeTarget "Project5" */ = {
			isa = XCConfigurationList;
			buildConfigurations = (
				4CD10FDC1CCE99A0008545FD /* Debug */,
				4CD10FDD1CCE99A0008545FD /* Release */,
			);
			defaultConfigurationIsVisible = 0;
		};
/* End XCConfigurationList section */
	};
	rootObject = 4CD10FCC1CCE99A0008545FD /* Project object */;
}
